
Microsoft Visual Studio Solution File, Format Version 12.00
# Visual Studio Version 17
VisualStudioVersion = 17.9.34728.123
MinimumVisualStudioVersion = 10.0.40219.1
Project("{FAE04EC0-301F-11D3-BF4B-00C04F79EFBC}") = "NLPNumberConverter.BusinessLayer", "NLPNumberConverter.BusinessLayer\NLPNumberConverter.BusinessLayer.csproj", "{178F5CB8-1AC4-41CD-A5F4-A91B416B95EB}"
EndProject
Project("{FAE04EC0-301F-11D3-BF4B-00C04F79EFBC}") = "NLPNumberConverter.CoreLayer", "NLPNumberConverter.CoreLayer\NLPNumberConverter.CoreLayer.csproj", "{38A6AFC1-3F7F-449A-8490-0274F6AFFE35}"
EndProject
Project("{FAE04EC0-301F-11D3-BF4B-00C04F79EFBC}") = "NLPNumberConverter.WebApi", "NLPNumberConverter.WebApi\NLPNumberConverter.WebApi.csproj", "{B953D189-E58F-4406-B59C-41573908413E}"
EndProject
Project("{FAE04EC0-301F-11D3-BF4B-00C04F79EFBC}") = "NLPNumberConverter.WebUI", "NLPNumberConverter.WebUI\NLPNumberConverter.WebUI.csproj", "{627D07A3-40EA-4FEC-940E-94486EC4A314}"
EndProject
Global
	GlobalSection(SolutionConfigurationPlatforms) = preSolution
		Debug|Any CPU = Debug|Any CPU
		Release|Any CPU = Release|Any CPU
	EndGlobalSection
	GlobalSection(ProjectConfigurationPlatforms) = postSolution
		{178F5CB8-1AC4-41CD-A5F4-A91B416B95EB}.Debug|Any CPU.ActiveCfg = Debug|Any CPU
		{178F5CB8-1AC4-41CD-A5F4-A91B416B95EB}.Debug|Any CPU.Build.0 = Debug|Any CPU
		{178F5CB8-1AC4-41CD-A5F4-A91B416B95EB}.Release|Any CPU.ActiveCfg = Release|Any CPU
		{178F5CB8-1AC4-41CD-A5F4-A91B416B95EB}.Release|Any CPU.Build.0 = Release|Any CPU
		{38A6AFC1-3F7F-449A-8490-0274F6AFFE35}.Debug|Any CPU.ActiveCfg = Debug|Any CPU
		{38A6AFC1-3F7F-449A-8490-0274F6AFFE35}.Debug|Any CPU.Build.0 = Debug|Any CPU
		{38A6AFC1-3F7F-449A-8490-0274F6AFFE35}.Release|Any CPU.ActiveCfg = Release|Any CPU
		{38A6AFC1-3F7F-449A-8490-0274F6AFFE35}.Release|Any CPU.Build.0 = Release|Any CPU
		{B953D189-E58F-4406-B59C-41573908413E}.Debug|Any CPU.ActiveCfg = Debug|Any CPU
		{B953D189-E58F-4406-B59C-41573908413E}.Debug|Any CPU.Build.0 = Debug|Any CPU
		{B953D189-E58F-4406-B59C-41573908413E}.Release|Any CPU.ActiveCfg = Release|Any CPU
		{B953D189-E58F-4406-B59C-41573908413E}.Release|Any CPU.Build.0 = Release|Any CPU
		{627D07A3-40EA-4FEC-940E-94486EC4A314}.Debug|Any CPU.ActiveCfg = Debug|Any CPU
		{627D07A3-40EA-4FEC-940E-94486EC4A314}.Debug|Any CPU.Build.0 = Debug|Any CPU
		{627D07A3-40EA-4FEC-940E-94486EC4A314}.Release|Any CPU.ActiveCfg = Release|Any CPU
		{627D07A3-40EA-4FEC-940E-94486EC4A314}.Release|Any CPU.Build.0 = Release|Any CPU
	EndGlobalSection
	GlobalSection(SolutionProperties) = preSolution
		HideSolutionNode = FALSE
	EndGlobalSection
	GlobalSection(ExtensibilityGlobals) = postSolution
		SolutionGuid = {8C63795D-8C8F-499E-A537-5B6C5AC46DC2}
	EndGlobalSection
EndGlobal
